
Microsoft Visual Studio Solution File, Format Version 12.00
# Visual Studio Version 17
VisualStudioVersion = 17.6.33717.318
MinimumVisualStudioVersion = 10.0.40219.1
Project("{FAE04EC0-301F-11D3-BF4B-00C04F79EFBC}") = "ThreadToMeet", "ThreadToMeet\ThreadToMeet.csproj", "{2FC968C9-E8F0-47F4-B367-CB3726E458FB}"
EndProject
Global
	GlobalSection(SolutionConfigurationPlatforms) = preSolution
		Debug|Any CPU = Debug|Any CPU
		Release|Any CPU = Release|Any CPU
	EndGlobalSection
	GlobalSection(ProjectConfigurationPlatforms) = postSolution
		{2FC968C9-E8F0-47F4-B367-CB3726E458FB}.Debug|Any CPU.ActiveCfg = Debug|Any CPU
		{2FC968C9-E8F0-47F4-B367-CB3726E458FB}.Debug|Any CPU.Build.0 = Debug|Any CPU
		{2FC968C9-E8F0-47F4-B367-CB3726E458FB}.Release|Any CPU.ActiveCfg = Release|Any CPU
		{2FC968C9-E8F0-47F4-B367-CB3726E458FB}.Release|Any CPU.Build.0 = Release|Any CPU
	EndGlobalSection
	GlobalSection(SolutionProperties) = preSolution
		HideSolutionNode = FALSE
	EndGlobalSection
	GlobalSection(ExtensibilityGlobals) = postSolution
		SolutionGuid = {94562B61-CECA-4BD8-BEE9-F2F2FC5F50CC}
	EndGlobalSection
EndGlobal
